<?xml version="1.0" encoding="utf-8"?>
<Project ToolsVersion="4.0" xmlns="http://schemas.microsoft.com/developer/msbuild/2003">
  <ItemGroup>
    <Filter Include="Source Files">
      <UniqueIdentifier>{4FC737F1-C7A5-4376-A066-2A32D752A2FF}</UniqueIdentifier>
      <Extensions>cpp;c;cc;cxx;c++;cppm;ixx;def;odl;idl;hpj;bat;asm;asmx</Extensions>
    </Filter>
    <Filter Include="Resource Files">
      <UniqueIdentifier>{67DA6AB6-F800-4c08-8B7A-83BB121AAD01}</UniqueIdentifier>
      <Extensions>rc;ico;cur;bmp;dlg;rc2;rct;bin;rgs;gif;jpg;jpeg;jpe;resx;tiff;tif;png;wav;mfcribbon-ms</Extensions>
    </Filter>
    <Filter Include="libs">
      <UniqueIdentifier>{4c553a98-a28d-44b4-8274-1f00bd0452b2}</UniqueIdentifier>
    </Filter>
    <Filter Include="argon2">
      <UniqueIdentifier>{e6e43dbf-5d90-41b9-8c88-f85f3984ae88}</UniqueIdentifier>
    </Filter>
    <Filter Include="hv">
      <UniqueIdentifier>{a910fa84-16cd-4942-9230-b42177e46aa0}</UniqueIdentifier>
    </Filter>
    <Filter Include="blake2">
      <UniqueIdentifier>{9aef3121-1d47-4e07-b2d7-b967df5b903b}</UniqueIdentifier>
    </Filter>
    <Filter Include="openssl">
      <UniqueIdentifier>{c1889694-4967-42c4-8d41-80ed4e83bd85}</UniqueIdentifier>
    </Filter>
  </ItemGroup>
  <ItemGroup>
    <ClInclude Include="argon2\argon2.h">
      <Filter>argon2</Filter>
    </ClInclude>
    <ClInclude Include="argon2\constants.h">
      <Filter>argon2</Filter>
    </ClInclude>
    <ClInclude Include="blake2\blake2b.h">
      <Filter>blake2</Filter>
    </ClInclude>
    <ClInclude Include="hv\AsyncHttpClient.h">
      <Filter>hv</Filter>
    </ClInclude>
    <ClInclude Include="hv\axios.h">
      <Filter>hv</Filter>
    </ClInclude>
    <ClInclude Include="hv\base64.h">
      <Filter>hv</Filter>
    </ClInclude>
    <ClInclude Include="hv\Buffer.h">
      <Filter>hv</Filter>
    </ClInclude>
    <ClInclude Include="hv\Channel.h">
      <Filter>hv</Filter>
    </ClInclude>
    <ClInclude Include="hv\Event.h">
      <Filter>hv</Filter>
    </ClInclude>
    <ClInclude Include="hv\EventLoop.h">
      <Filter>hv</Filter>
    </ClInclude>
    <ClInclude Include="hv\EventLoopThread.h">
      <Filter>hv</Filter>
    </ClInclude>
    <ClInclude Include="hv\EventLoopThreadPool.h">
      <Filter>hv</Filter>
    </ClInclude>
    <ClInclude Include="hv\hasync.h">
      <Filter>hv</Filter>
    </ClInclude>
    <ClInclude Include="hv\hatomic.h">
      <Filter>hv</Filter>
    </ClInclude>
    <ClInclude Include="hv\hbase.h">
      <Filter>hv</Filter>
    </ClInclude>
    <ClInclude Include="hv\hbuf.h">
      <Filter>hv</Filter>
    </ClInclude>
    <ClInclude Include="hv\hconfig.h">
      <Filter>hv</Filter>
    </ClInclude>
    <ClInclude Include="hv\hdef.h">
      <Filter>hv</Filter>
    </ClInclude>
    <ClInclude Include="hv\hdir.h">
      <Filter>hv</Filter>
    </ClInclude>
    <ClInclude Include="hv\hendian.h">
      <Filter>hv</Filter>
    </ClInclude>
    <ClInclude Include="hv\herr.h">
      <Filter>hv</Filter>
    </ClInclude>
    <ClInclude Include="hv\hexport.h">
      <Filter>hv</Filter>
    </ClInclude>
    <ClInclude Include="hv\hfile.h">
      <Filter>hv</Filter>
    </ClInclude>
    <ClInclude Include="hv\hlog.h">
      <Filter>hv</Filter>
    </ClInclude>
    <ClInclude Include="hv\hloop.h">
      <Filter>hv</Filter>
    </ClInclude>
    <ClInclude Include="hv\hmain.h">
      <Filter>hv</Filter>
    </ClInclude>
    <ClInclude Include="hv\hmap.h">
      <Filter>hv</Filter>
    </ClInclude>
    <ClInclude Include="hv\hmath.h">
      <Filter>hv</Filter>
    </ClInclude>
    <ClInclude Include="hv\hmutex.h">
      <Filter>hv</Filter>
    </ClInclude>
    <ClInclude Include="hv\hobjectpool.h">
      <Filter>hv</Filter>
    </ClInclude>
    <ClInclude Include="hv\hpath.h">
      <Filter>hv</Filter>
    </ClInclude>
    <ClInclude Include="hv\hplatform.h">
      <Filter>hv</Filter>
    </ClInclude>
    <ClInclude Include="hv\hproc.h">
      <Filter>hv</Filter>
    </ClInclude>
    <ClInclude Include="hv\hscope.h">
      <Filter>hv</Filter>
    </ClInclude>
    <ClInclude Include="hv\hsocket.h">
      <Filter>hv</Filter>
    </ClInclude>
    <ClInclude Include="hv\hssl.h">
      <Filter>hv</Filter>
    </ClInclude>
    <ClInclude Include="hv\hstring.h">
      <Filter>hv</Filter>
    </ClInclude>
    <ClInclude Include="hv\hsysinfo.h">
      <Filter>hv</Filter>
    </ClInclude>
    <ClInclude Include="hv\hthread.h">
      <Filter>hv</Filter>
    </ClInclude>
    <ClInclude Include="hv\hthreadpool.h">
      <Filter>hv</Filter>
    </ClInclude>
    <ClInclude Include="hv\htime.h">
      <Filter>hv</Filter>
    </ClInclude>
    <ClInclude Include="hv\http_client.h">
      <Filter>hv</Filter>
    </ClInclude>
    <ClInclude Include="hv\http_content.h">
      <Filter>hv</Filter>
    </ClInclude>
    <ClInclude Include="hv\HttpContext.h">
      <Filter>hv</Filter>
    </ClInclude>
    <ClInclude Include="hv\httpdef.h">
      <Filter>hv</Filter>
    </ClInclude>
    <ClInclude Include="hv\HttpMessage.h">
      <Filter>hv</Filter>
    </ClInclude>
    <ClInclude Include="hv\HttpParser.h">
      <Filter>hv</Filter>
    </ClInclude>
    <ClInclude Include="hv\HttpResponseWriter.h">
      <Filter>hv</Filter>
    </ClInclude>
    <ClInclude Include="hv\HttpServer.h">
      <Filter>hv</Filter>
    </ClInclude>
    <ClInclude Include="hv\HttpService.h">
      <Filter>hv</Filter>
    </ClInclude>
    <ClInclude Include="hv\hurl.h">
      <Filter>hv</Filter>
    </ClInclude>
    <ClInclude Include="hv\hv.h">
      <Filter>hv</Filter>
    </ClInclude>
    <ClInclude Include="hv\hversion.h">
      <Filter>hv</Filter>
    </ClInclude>
    <ClInclude Include="hv\ifconfig.h">
      <Filter>hv</Filter>
    </ClInclude>
    <ClInclude Include="hv\iniparser.h">
      <Filter>hv</Filter>
    </ClInclude>
    <ClInclude Include="hv\json.hpp">
      <Filter>hv</Filter>
    </ClInclude>
    <ClInclude Include="hv\md5.h">
      <Filter>hv</Filter>
    </ClInclude>
    <ClInclude Include="hv\nlog.h">
      <Filter>hv</Filter>
    </ClInclude>
    <ClInclude Include="hv\requests.h">
      <Filter>hv</Filter>
    </ClInclude>
    <ClInclude Include="hv\sha1.h">
      <Filter>hv</Filter>
    </ClInclude>
    <ClInclude Include="hv\singleton.h">
      <Filter>hv</Filter>
    </ClInclude>
    <ClInclude Include="hv\Status.h">
      <Filter>hv</Filter>
    </ClInclude>
    <ClInclude Include="hv\TcpClient.h">
      <Filter>hv</Filter>
    </ClInclude>
    <ClInclude Include="hv\TcpServer.h">
      <Filter>hv</Filter>
    </ClInclude>
    <ClInclude Include="hv\ThreadLocalStorage.h">
      <Filter>hv</Filter>
    </ClInclude>
    <ClInclude Include="hv\UdpClient.h">
      <Filter>hv</Filter>
    </ClInclude>
    <ClInclude Include="hv\UdpServer.h">
      <Filter>hv</Filter>
    </ClInclude>
    <ClInclude Include="hv\WebSocketChannel.h">
      <Filter>hv</Filter>
    </ClInclude>
    <ClInclude Include="hv\WebSocketClient.h">
      <Filter>hv</Filter>
    </ClInclude>
    <ClInclude Include="hv\WebSocketParser.h">
      <Filter>hv</Filter>
    </ClInclude>
    <ClInclude Include="hv\WebSocketServer.h">
      <Filter>hv</Filter>
    </ClInclude>
    <ClInclude Include="hv\wsdef.h">
      <Filter>hv</Filter>
    </ClInclude>
    <ClInclude Include="openssl\__DECC_INCLUDE_EPILOGUE.H">
      <Filter>openssl</Filter>
    </ClInclude>
    <ClInclude Include="openssl\__DECC_INCLUDE_PROLOGUE.H">
      <Filter>openssl</Filter>
    </ClInclude>
    <ClInclude Include="openssl\aes.h">
      <Filter>openssl</Filter>
    </ClInclude>
    <ClInclude Include="openssl\asn1.h">
      <Filter>openssl</Filter>
    </ClInclude>
    <ClInclude Include="openssl\asn1_mac.h">
      <Filter>openssl</Filter>
    </ClInclude>
    <ClInclude Include="openssl\asn1err.h">
      <Filter>openssl</Filter>
    </ClInclude>
    <ClInclude Include="openssl\asn1t.h">
      <Filter>openssl</Filter>
    </ClInclude>
    <ClInclude Include="openssl\async.h">
      <Filter>openssl</Filter>
    </ClInclude>
    <ClInclude Include="openssl\asyncerr.h">
      <Filter>openssl</Filter>
    </ClInclude>
    <ClInclude Include="openssl\bio.h">
      <Filter>openssl</Filter>
    </ClInclude>
    <ClInclude Include="openssl\bioerr.h">
      <Filter>openssl</Filter>
    </ClInclude>
    <ClInclude Include="openssl\blowfish.h">
      <Filter>openssl</Filter>
    </ClInclude>
    <ClInclude Include="openssl\bn.h">
      <Filter>openssl</Filter>
    </ClInclude>
    <ClInclude Include="openssl\bnerr.h">
      <Filter>openssl</Filter>
    </ClInclude>
    <ClInclude Include="openssl\buffer.h">
      <Filter>openssl</Filter>
    </ClInclude>
    <ClInclude Include="openssl\buffererr.h">
      <Filter>openssl</Filter>
    </ClInclude>
    <ClInclude Include="openssl\camellia.h">
      <Filter>openssl</Filter>
    </ClInclude>
    <ClInclude Include="openssl\cast.h">
      <Filter>openssl</Filter>
    </ClInclude>
    <ClInclude Include="openssl\cmac.h">
      <Filter>openssl</Filter>
    </ClInclude>
    <ClInclude Include="openssl\cmp.h">
      <Filter>openssl</Filter>
    </ClInclude>
    <ClInclude Include="openssl\cmp_util.h">
      <Filter>openssl</Filter>
    </ClInclude>
    <ClInclude Include="openssl\cmperr.h">
      <Filter>openssl</Filter>
    </ClInclude>
    <ClInclude Include="openssl\cms.h">
      <Filter>openssl</Filter>
    </ClInclude>
    <ClInclude Include="openssl\cmserr.h">
      <Filter>openssl</Filter>
    </ClInclude>
    <ClInclude Include="openssl\comp.h">
      <Filter>openssl</Filter>
    </ClInclude>
    <ClInclude Include="openssl\comperr.h">
      <Filter>openssl</Filter>
    </ClInclude>
    <ClInclude Include="openssl\conf.h">
      <Filter>openssl</Filter>
    </ClInclude>
    <ClInclude Include="openssl\conf_api.h">
      <Filter>openssl</Filter>
    </ClInclude>
    <ClInclude Include="openssl\conferr.h">
      <Filter>openssl</Filter>
    </ClInclude>
    <ClInclude Include="openssl\configuration.h">
      <Filter>openssl</Filter>
    </ClInclude>
    <ClInclude Include="openssl\conftypes.h">
      <Filter>openssl</Filter>
    </ClInclude>
    <ClInclude Include="openssl\core.h">
      <Filter>openssl</Filter>
    </ClInclude>
    <ClInclude Include="openssl\core_dispatch.h">
      <Filter>openssl</Filter>
    </ClInclude>
    <ClInclude Include="openssl\core_names.h">
      <Filter>openssl</Filter>
    </ClInclude>
    <ClInclude Include="openssl\core_object.h">
      <Filter>openssl</Filter>
    </ClInclude>
    <ClInclude Include="openssl\crmf.h">
      <Filter>openssl</Filter>
    </ClInclude>
    <ClInclude Include="openssl\crmferr.h">
      <Filter>openssl</Filter>
    </ClInclude>
    <ClInclude Include="openssl\crypto.h">
      <Filter>openssl</Filter>
    </ClInclude>
    <ClInclude Include="openssl\cryptoerr.h">
      <Filter>openssl</Filter>
    </ClInclude>
    <ClInclude Include="openssl\cryptoerr_legacy.h">
      <Filter>openssl</Filter>
    </ClInclude>
    <ClInclude Include="openssl\ct.h">
      <Filter>openssl</Filter>
    </ClInclude>
    <ClInclude Include="openssl\cterr.h">
      <Filter>openssl</Filter>
    </ClInclude>
    <ClInclude Include="openssl\decoder.h">
      <Filter>openssl</Filter>
    </ClInclude>
    <ClInclude Include="openssl\decodererr.h">
      <Filter>openssl</Filter>
    </ClInclude>
    <ClInclude Include="openssl\des.h">
      <Filter>openssl</Filter>
    </ClInclude>
    <ClInclude Include="openssl\dh.h">
      <Filter>openssl</Filter>
    </ClInclude>
    <ClInclude Include="openssl\dherr.h">
      <Filter>openssl</Filter>
    </ClInclude>
    <ClInclude Include="openssl\dsa.h">
      <Filter>openssl</Filter>
    </ClInclude>
    <ClInclude Include="openssl\dsaerr.h">
      <Filter>openssl</Filter>
    </ClInclude>
    <ClInclude Include="openssl\dtls1.h">
      <Filter>openssl</Filter>
    </ClInclude>
    <ClInclude Include="openssl\e_os2.h">
      <Filter>openssl</Filter>
    </ClInclude>
    <ClInclude Include="openssl\ebcdic.h">
      <Filter>openssl</Filter>
    </ClInclude>
    <ClInclude Include="openssl\ec.h">
      <Filter>openssl</Filter>
    </ClInclude>
    <ClInclude Include="openssl\ecdh.h">
      <Filter>openssl</Filter>
    </ClInclude>
    <ClInclude Include="openssl\ecdsa.h">
      <Filter>openssl</Filter>
    </ClInclude>
    <ClInclude Include="openssl\ecerr.h">
      <Filter>openssl</Filter>
    </ClInclude>
    <ClInclude Include="openssl\encoder.h">
      <Filter>openssl</Filter>
    </ClInclude>
    <ClInclude Include="openssl\encodererr.h">
      <Filter>openssl</Filter>
    </ClInclude>
    <ClInclude Include="openssl\engine.h">
      <Filter>openssl</Filter>
    </ClInclude>
    <ClInclude Include="openssl\engineerr.h">
      <Filter>openssl</Filter>
    </ClInclude>
    <ClInclude Include="openssl\err.h">
      <Filter>openssl</Filter>
    </ClInclude>
    <ClInclude Include="openssl\ess.h">
      <Filter>openssl</Filter>
    </ClInclude>
    <ClInclude Include="openssl\esserr.h">
      <Filter>openssl</Filter>
    </ClInclude>
    <ClInclude Include="openssl\evp.h">
      <Filter>openssl</Filter>
    </ClInclude>
    <ClInclude Include="openssl\evperr.h">
      <Filter>openssl</Filter>
    </ClInclude>
    <ClInclude Include="openssl\fips_names.h">
      <Filter>openssl</Filter>
    </ClInclude>
    <ClInclude Include="openssl\fipskey.h">
      <Filter>openssl</Filter>
    </ClInclude>
    <ClInclude Include="openssl\hmac.h">
      <Filter>openssl</Filter>
    </ClInclude>
    <ClInclude Include="openssl\http.h">
      <Filter>openssl</Filter>
    </ClInclude>
    <ClInclude Include="openssl\httperr.h">
      <Filter>openssl</Filter>
    </ClInclude>
    <ClInclude Include="openssl\idea.h">
      <Filter>openssl</Filter>
    </ClInclude>
    <ClInclude Include="openssl\kdf.h">
      <Filter>openssl</Filter>
    </ClInclude>
    <ClInclude Include="openssl\kdferr.h">
      <Filter>openssl</Filter>
    </ClInclude>
    <ClInclude Include="openssl\lhash.h">
      <Filter>openssl</Filter>
    </ClInclude>
    <ClInclude Include="openssl\macros.h">
      <Filter>openssl</Filter>
    </ClInclude>
    <ClInclude Include="openssl\md2.h">
      <Filter>openssl</Filter>
    </ClInclude>
    <ClInclude Include="openssl\md4.h">
      <Filter>openssl</Filter>
    </ClInclude>
    <ClInclude Include="openssl\md5.h">
      <Filter>openssl</Filter>
    </ClInclude>
    <ClInclude Include="openssl\mdc2.h">
      <Filter>openssl</Filter>
    </ClInclude>
    <ClInclude Include="openssl\modes.h">
      <Filter>openssl</Filter>
    </ClInclude>
    <ClInclude Include="openssl\obj_mac.h">
      <Filter>openssl</Filter>
    </ClInclude>
    <ClInclude Include="openssl\objects.h">
      <Filter>openssl</Filter>
    </ClInclude>
    <ClInclude Include="openssl\objectserr.h">
      <Filter>openssl</Filter>
    </ClInclude>
    <ClInclude Include="openssl\ocsp.h">
      <Filter>openssl</Filter>
    </ClInclude>
    <ClInclude Include="openssl\ocsperr.h">
      <Filter>openssl</Filter>
    </ClInclude>
    <ClInclude Include="openssl\opensslconf.h">
      <Filter>openssl</Filter>
    </ClInclude>
    <ClInclude Include="openssl\opensslv.h">
      <Filter>openssl</Filter>
    </ClInclude>
    <ClInclude Include="openssl\ossl_typ.h">
      <Filter>openssl</Filter>
    </ClInclude>
    <ClInclude Include="openssl\param_build.h">
      <Filter>openssl</Filter>
    </ClInclude>
    <ClInclude Include="openssl\params.h">
      <Filter>openssl</Filter>
    </ClInclude>
    <ClInclude Include="openssl\pem.h">
      <Filter>openssl</Filter>
    </ClInclude>
    <ClInclude Include="openssl\pem2.h">
      <Filter>openssl</Filter>
    </ClInclude>
    <ClInclude Include="openssl\pemerr.h">
      <Filter>openssl</Filter>
    </ClInclude>
    <ClInclude Include="openssl\pkcs7.h">
      <Filter>openssl</Filter>
    </ClInclude>
    <ClInclude Include="openssl\pkcs7err.h">
      <Filter>openssl</Filter>
    </ClInclude>
    <ClInclude Include="openssl\pkcs12.h">
      <Filter>openssl</Filter>
    </ClInclude>
    <ClInclude Include="openssl\pkcs12err.h">
      <Filter>openssl</Filter>
    </ClInclude>
    <ClInclude Include="openssl\prov_ssl.h">
      <Filter>openssl</Filter>
    </ClInclude>
    <ClInclude Include="openssl\proverr.h">
      <Filter>openssl</Filter>
    </ClInclude>
    <ClInclude Include="openssl\provider.h">
      <Filter>openssl</Filter>
    </ClInclude>
    <ClInclude Include="openssl\rand.h">
      <Filter>openssl</Filter>
    </ClInclude>
    <ClInclude Include="openssl\randerr.h">
      <Filter>openssl</Filter>
    </ClInclude>
    <ClInclude Include="openssl\rc2.h">
      <Filter>openssl</Filter>
    </ClInclude>
    <ClInclude Include="openssl\rc4.h">
      <Filter>openssl</Filter>
    </ClInclude>
    <ClInclude Include="openssl\rc5.h">
      <Filter>openssl</Filter>
    </ClInclude>
    <ClInclude Include="openssl\ripemd.h">
      <Filter>openssl</Filter>
    </ClInclude>
    <ClInclude Include="openssl\rsa.h">
      <Filter>openssl</Filter>
    </ClInclude>
    <ClInclude Include="openssl\rsaerr.h">
      <Filter>openssl</Filter>
    </ClInclude>
    <ClInclude Include="openssl\safestack.h">
      <Filter>openssl</Filter>
    </ClInclude>
    <ClInclude Include="openssl\seed.h">
      <Filter>openssl</Filter>
    </ClInclude>
    <ClInclude Include="openssl\self_test.h">
      <Filter>openssl</Filter>
    </ClInclude>
    <ClInclude Include="openssl\sha.h">
      <Filter>openssl</Filter>
    </ClInclude>
    <ClInclude Include="openssl\srp.h">
      <Filter>openssl</Filter>
    </ClInclude>
    <ClInclude Include="openssl\srtp.h">
      <Filter>openssl</Filter>
    </ClInclude>
    <ClInclude Include="openssl\ssl.h">
      <Filter>openssl</Filter>
    </ClInclude>
    <ClInclude Include="openssl\ssl2.h">
      <Filter>openssl</Filter>
    </ClInclude>
    <ClInclude Include="openssl\ssl3.h">
      <Filter>openssl</Filter>
    </ClInclude>
    <ClInclude Include="openssl\sslerr.h">
      <Filter>openssl</Filter>
    </ClInclude>
    <ClInclude Include="openssl\sslerr_legacy.h">
      <Filter>openssl</Filter>
    </ClInclude>
    <ClInclude Include="openssl\stack.h">
      <Filter>openssl</Filter>
    </ClInclude>
    <ClInclude Include="openssl\store.h">
      <Filter>openssl</Filter>
    </ClInclude>
    <ClInclude Include="openssl\storeerr.h">
      <Filter>openssl</Filter>
    </ClInclude>
    <ClInclude Include="openssl\symhacks.h">
      <Filter>openssl</Filter>
    </ClInclude>
    <ClInclude Include="openssl\tls1.h">
      <Filter>openssl</Filter>
    </ClInclude>
    <ClInclude Include="openssl\trace.h">
      <Filter>openssl</Filter>
    </ClInclude>
    <ClInclude Include="openssl\ts.h">
      <Filter>openssl</Filter>
    </ClInclude>
    <ClInclude Include="openssl\tserr.h">
      <Filter>openssl</Filter>
    </ClInclude>
    <ClInclude Include="openssl\txt_db.h">
      <Filter>openssl</Filter>
    </ClInclude>
    <ClInclude Include="openssl\types.h">
      <Filter>openssl</Filter>
    </ClInclude>
    <ClInclude Include="openssl\ui.h">
      <Filter>openssl</Filter>
    </ClInclude>
    <ClInclude Include="openssl\uierr.h">
      <Filter>openssl</Filter>
    </ClInclude>
    <ClInclude Include="openssl\whrlpool.h">
      <Filter>openssl</Filter>
    </ClInclude>
    <ClInclude Include="openssl\x509.h">
      <Filter>openssl</Filter>
    </ClInclude>
    <ClInclude Include="openssl\x509_vfy.h">
      <Filter>openssl</Filter>
    </ClInclude>
    <ClInclude Include="openssl\x509err.h">
      <Filter>openssl</Filter>
    </ClInclude>
    <ClInclude Include="openssl\x509v3.h">
      <Filter>openssl</Filter>
    </ClInclude>
    <ClInclude Include="openssl\x509v3err.h">
      <Filter>openssl</Filter>
    </ClInclude>
    <ClInclude Include="client_clr.hpp">
      <Filter>Source Files</Filter>
    </ClInclude>
    <ClInclude Include="Resource.h">
      <Filter>Source Files</Filter>
    </ClInclude>
    <ClInclude Include="libs\VMProtectSDK.h">
      <Filter>libs</Filter>
    </ClInclude>
  </ItemGroup>
  <ItemGroup>
    <ClCompile Include="client_clr.cpp">
      <Filter>Source Files</Filter>
    </ClCompile>
    <ClCompile Include="AssemblyInfo.cpp">
      <Filter>Source Files</Filter>
    </ClCompile>
  </ItemGroup>
  <ItemGroup>
    <ResourceCompile Include="app.rc">
      <Filter>Resource Files</Filter>
    </ResourceCompile>
  </ItemGroup>
  <ItemGroup>
    <Image Include="app.ico">
      <Filter>Resource Files</Filter>
    </Image>
  </ItemGroup>
  <ItemGroup>
    <Library Include="libs\Argon2.lib">
      <Filter>libs</Filter>
    </Library>
    <Library Include="libs\Blake2.lib">
      <Filter>libs</Filter>
    </Library>
    <Library Include="libs\hv_static.lib">
      <Filter>libs</Filter>
    </Library>
    <Library Include="libs\Intrinsics.lib">
      <Filter>libs</Filter>
    </Library>
    <Library Include="libs\libcrypto.lib">
      <Filter>libs</Filter>
    </Library>
    <Library Include="libs\libssl.lib">
      <Filter>libs</Filter>
    </Library>
  </ItemGroup>
</Project>